
Microsoft Visual Studio Solution File, Format Version 12.00
# Visual Studio Version 17
VisualStudioVersion = 17.7.34018.315
MinimumVisualStudioVersion = 10.0.40219.1
Project("{FAE04EC0-301F-11D3-BF4B-00C04F79EFBC}") = "TODO.WebApi", "TODO.WebApi\TODO.WebApi.csproj", "{FC0D9765-17F7-46F7-89BF-4CEE582F0D0E}"
EndProject
Global
	GlobalSection(SolutionConfigurationPlatforms) = preSolution
		Debug|Any CPU = Debug|Any CPU
		Release|Any CPU = Release|Any CPU
	EndGlobalSection
	GlobalSection(ProjectConfigurationPlatforms) = postSolution
		{FC0D9765-17F7-46F7-89BF-4CEE582F0D0E}.Debug|Any CPU.ActiveCfg = Debug|Any CPU
		{FC0D9765-17F7-46F7-89BF-4CEE582F0D0E}.Debug|Any CPU.Build.0 = Debug|Any CPU
		{FC0D9765-17F7-46F7-89BF-4CEE582F0D0E}.Release|Any CPU.ActiveCfg = Release|Any CPU
		{FC0D9765-17F7-46F7-89BF-4CEE582F0D0E}.Release|Any CPU.Build.0 = Release|Any CPU
	EndGlobalSection
	GlobalSection(SolutionProperties) = preSolution
		HideSolutionNode = FALSE
	EndGlobalSection
	GlobalSection(ExtensibilityGlobals) = postSolution
		SolutionGuid = {5E5ECACE-2DB1-4465-B468-9DBF67BAC9B6}
	EndGlobalSection
EndGlobal
